{
  "name": "schedule",
  "version": "1.0.0",
  "lockfileVersion": 1,
  "requires": true,
  "dependencies": {
    "firstlegoleaguelogger": {
      "version": "1.0.0",
      "resolved": "https://registry.npmjs.org/firstlegoleaguelogger/-/firstlegoleaguelogger-1.0.0.tgz",
      "integrity": "sha512-bhdFASswY20Rlx9qdLykRGv+bEILT/skdA3zFhY2CPG8xpN8Rqsqok5syc4/WNJKY4k5dqLh1Yp9pIKFDKiU0A=="
    }
  }
}
